
Microsoft Visual Studio Solution File, Format Version 12.00
# Visual Studio Version 17
VisualStudioVersion = 17.0.31903.59
MinimumVisualStudioVersion = 10.0.40219.1
Project("{FAE04EC0-301F-11D3-BF4B-00C04F79EFBC}") = "CybsClient", "CybsClient\CybsClient.csproj", "{8D823223-A81A-4DF2-BEDD-FEBA3B45C29B}"
EndProject
Project("{FAE04EC0-301F-11D3-BF4B-00C04F79EFBC}") = "CybsClass.WebApi.Service", "CybsClass.WebApi.Service\CybsClass.WebApi.Service.csproj", "{4BC6842B-A896-44B9-9473-2EBD821F464B}"
EndProject
Project("{FAE04EC0-301F-11D3-BF4B-00C04F79EFBC}") = "CybsClass.Cybersource", "CybsClass.Cybersource\CybsClass.Cybersource.csproj", "{60AA222C-1630-4A02-967F-81A6BDF73917}"
EndProject
Project("{FAE04EC0-301F-11D3-BF4B-00C04F79EFBC}") = "CybsClass.DataContext.Sqlite", "CybsClass.DataContext.Sqlite\CybsClass.DataContext.Sqlite.csproj", "{193961F0-52C0-4801-973D-FD865D7B577A}"
EndProject
Project("{FAE04EC0-301F-11D3-BF4B-00C04F79EFBC}") = "CybsClass.EntityModels.Sqlite", "CybsClass.EntityModels.Sqlite\CybsClass.EntityModels.Sqlite.csproj", "{7D99255C-6950-467D-81D3-4182A6697A53}"
EndProject
Global
	GlobalSection(SolutionConfigurationPlatforms) = preSolution
		Debug|Any CPU = Debug|Any CPU
		Debug|x64 = Debug|x64
		Debug|x86 = Debug|x86
		Release|Any CPU = Release|Any CPU
		Release|x64 = Release|x64
		Release|x86 = Release|x86
	EndGlobalSection
	GlobalSection(ProjectConfigurationPlatforms) = postSolution
		{8D823223-A81A-4DF2-BEDD-FEBA3B45C29B}.Debug|Any CPU.ActiveCfg = Debug|Any CPU
		{8D823223-A81A-4DF2-BEDD-FEBA3B45C29B}.Debug|Any CPU.Build.0 = Debug|Any CPU
		{8D823223-A81A-4DF2-BEDD-FEBA3B45C29B}.Debug|x64.ActiveCfg = Debug|Any CPU
		{8D823223-A81A-4DF2-BEDD-FEBA3B45C29B}.Debug|x64.Build.0 = Debug|Any CPU
		{8D823223-A81A-4DF2-BEDD-FEBA3B45C29B}.Debug|x86.ActiveCfg = Debug|Any CPU
		{8D823223-A81A-4DF2-BEDD-FEBA3B45C29B}.Debug|x86.Build.0 = Debug|Any CPU
		{8D823223-A81A-4DF2-BEDD-FEBA3B45C29B}.Release|Any CPU.ActiveCfg = Release|Any CPU
		{8D823223-A81A-4DF2-BEDD-FEBA3B45C29B}.Release|Any CPU.Build.0 = Release|Any CPU
		{8D823223-A81A-4DF2-BEDD-FEBA3B45C29B}.Release|x64.ActiveCfg = Release|Any CPU
		{8D823223-A81A-4DF2-BEDD-FEBA3B45C29B}.Release|x64.Build.0 = Release|Any CPU
		{8D823223-A81A-4DF2-BEDD-FEBA3B45C29B}.Release|x86.ActiveCfg = Release|Any CPU
		{8D823223-A81A-4DF2-BEDD-FEBA3B45C29B}.Release|x86.Build.0 = Release|Any CPU
		{4BC6842B-A896-44B9-9473-2EBD821F464B}.Debug|Any CPU.ActiveCfg = Debug|Any CPU
		{4BC6842B-A896-44B9-9473-2EBD821F464B}.Debug|Any CPU.Build.0 = Debug|Any CPU
		{4BC6842B-A896-44B9-9473-2EBD821F464B}.Debug|x64.ActiveCfg = Debug|Any CPU
		{4BC6842B-A896-44B9-9473-2EBD821F464B}.Debug|x64.Build.0 = Debug|Any CPU
		{4BC6842B-A896-44B9-9473-2EBD821F464B}.Debug|x86.ActiveCfg = Debug|Any CPU
		{4BC6842B-A896-44B9-9473-2EBD821F464B}.Debug|x86.Build.0 = Debug|Any CPU
		{4BC6842B-A896-44B9-9473-2EBD821F464B}.Release|Any CPU.ActiveCfg = Release|Any CPU
		{4BC6842B-A896-44B9-9473-2EBD821F464B}.Release|Any CPU.Build.0 = Release|Any CPU
		{4BC6842B-A896-44B9-9473-2EBD821F464B}.Release|x64.ActiveCfg = Release|Any CPU
		{4BC6842B-A896-44B9-9473-2EBD821F464B}.Release|x64.Build.0 = Release|Any CPU
		{4BC6842B-A896-44B9-9473-2EBD821F464B}.Release|x86.ActiveCfg = Release|Any CPU
		{4BC6842B-A896-44B9-9473-2EBD821F464B}.Release|x86.Build.0 = Release|Any CPU
		{60AA222C-1630-4A02-967F-81A6BDF73917}.Debug|Any CPU.ActiveCfg = Debug|Any CPU
		{60AA222C-1630-4A02-967F-81A6BDF73917}.Debug|Any CPU.Build.0 = Debug|Any CPU
		{60AA222C-1630-4A02-967F-81A6BDF73917}.Debug|x64.ActiveCfg = Debug|Any CPU
		{60AA222C-1630-4A02-967F-81A6BDF73917}.Debug|x64.Build.0 = Debug|Any CPU
		{60AA222C-1630-4A02-967F-81A6BDF73917}.Debug|x86.ActiveCfg = Debug|Any CPU
		{60AA222C-1630-4A02-967F-81A6BDF73917}.Debug|x86.Build.0 = Debug|Any CPU
		{60AA222C-1630-4A02-967F-81A6BDF73917}.Release|Any CPU.ActiveCfg = Release|Any CPU
		{60AA222C-1630-4A02-967F-81A6BDF73917}.Release|Any CPU.Build.0 = Release|Any CPU
		{60AA222C-1630-4A02-967F-81A6BDF73917}.Release|x64.ActiveCfg = Release|Any CPU
		{60AA222C-1630-4A02-967F-81A6BDF73917}.Release|x64.Build.0 = Release|Any CPU
		{60AA222C-1630-4A02-967F-81A6BDF73917}.Release|x86.ActiveCfg = Release|Any CPU
		{60AA222C-1630-4A02-967F-81A6BDF73917}.Release|x86.Build.0 = Release|Any CPU
		{193961F0-52C0-4801-973D-FD865D7B577A}.Debug|Any CPU.ActiveCfg = Debug|Any CPU
		{193961F0-52C0-4801-973D-FD865D7B577A}.Debug|Any CPU.Build.0 = Debug|Any CPU
		{193961F0-52C0-4801-973D-FD865D7B577A}.Debug|x64.ActiveCfg = Debug|Any CPU
		{193961F0-52C0-4801-973D-FD865D7B577A}.Debug|x64.Build.0 = Debug|Any CPU
		{193961F0-52C0-4801-973D-FD865D7B577A}.Debug|x86.ActiveCfg = Debug|Any CPU
		{193961F0-52C0-4801-973D-FD865D7B577A}.Debug|x86.Build.0 = Debug|Any CPU
		{193961F0-52C0-4801-973D-FD865D7B577A}.Release|Any CPU.ActiveCfg = Release|Any CPU
		{193961F0-52C0-4801-973D-FD865D7B577A}.Release|Any CPU.Build.0 = Release|Any CPU
		{193961F0-52C0-4801-973D-FD865D7B577A}.Release|x64.ActiveCfg = Release|Any CPU
		{193961F0-52C0-4801-973D-FD865D7B577A}.Release|x64.Build.0 = Release|Any CPU
		{193961F0-52C0-4801-973D-FD865D7B577A}.Release|x86.ActiveCfg = Release|Any CPU
		{193961F0-52C0-4801-973D-FD865D7B577A}.Release|x86.Build.0 = Release|Any CPU
		{7D99255C-6950-467D-81D3-4182A6697A53}.Debug|Any CPU.ActiveCfg = Debug|Any CPU
		{7D99255C-6950-467D-81D3-4182A6697A53}.Debug|Any CPU.Build.0 = Debug|Any CPU
		{7D99255C-6950-467D-81D3-4182A6697A53}.Debug|x64.ActiveCfg = Debug|Any CPU
		{7D99255C-6950-467D-81D3-4182A6697A53}.Debug|x64.Build.0 = Debug|Any CPU
		{7D99255C-6950-467D-81D3-4182A6697A53}.Debug|x86.ActiveCfg = Debug|Any CPU
		{7D99255C-6950-467D-81D3-4182A6697A53}.Debug|x86.Build.0 = Debug|Any CPU
		{7D99255C-6950-467D-81D3-4182A6697A53}.Release|Any CPU.ActiveCfg = Release|Any CPU
		{7D99255C-6950-467D-81D3-4182A6697A53}.Release|Any CPU.Build.0 = Release|Any CPU
		{7D99255C-6950-467D-81D3-4182A6697A53}.Release|x64.ActiveCfg = Release|Any CPU
		{7D99255C-6950-467D-81D3-4182A6697A53}.Release|x64.Build.0 = Release|Any CPU
		{7D99255C-6950-467D-81D3-4182A6697A53}.Release|x86.ActiveCfg = Release|Any CPU
		{7D99255C-6950-467D-81D3-4182A6697A53}.Release|x86.Build.0 = Release|Any CPU
	EndGlobalSection
	GlobalSection(SolutionProperties) = preSolution
		HideSolutionNode = FALSE
	EndGlobalSection
EndGlobal
