
Microsoft Visual Studio Solution File, Format Version 12.00
# Visual Studio Version 17
VisualStudioVersion = 17.0.31903.59
MinimumVisualStudioVersion = 10.0.40219.1
Project("{FAE04EC0-301F-11D3-BF4B-00C04F79EFBC}") = "CybsClient", "CybsClient\CybsClient.csproj", "{27A3D43B-D893-4B09-BC14-24D126D3BAC4}"
EndProject
Project("{FAE04EC0-301F-11D3-BF4B-00C04F79EFBC}") = "CybsClass.WebApi.Service", "CybsClass.WebApi.Service\CybsClass.WebApi.Service.csproj", "{4F91F610-495A-41F5-A787-DEF2A2472B43}"
EndProject
Project("{FAE04EC0-301F-11D3-BF4B-00C04F79EFBC}") = "CybsClass.Cybersource", "CybsClass.Cybersource\CybsClass.Cybersource.csproj", "{E8797935-FBFF-44DC-A66F-E2505ADFC0E9}"
EndProject
Project("{FAE04EC0-301F-11D3-BF4B-00C04F79EFBC}") = "CybsClass.DataContext.Sqlite", "CybsClass.DataContext.Sqlite\CybsClass.DataContext.Sqlite.csproj", "{D6EB8367-D118-426F-8F3A-EE2D365B7179}"
EndProject
Project("{FAE04EC0-301F-11D3-BF4B-00C04F79EFBC}") = "CybsClass.EntityModels.Sqlite", "CybsClass.EntityModels.Sqlite\CybsClass.EntityModels.Sqlite.csproj", "{0E3EAC6A-E34C-4894-88A2-D44C8C0844F3}"
EndProject
Global
	GlobalSection(SolutionConfigurationPlatforms) = preSolution
		Debug|Any CPU = Debug|Any CPU
		Debug|x64 = Debug|x64
		Debug|x86 = Debug|x86
		Release|Any CPU = Release|Any CPU
		Release|x64 = Release|x64
		Release|x86 = Release|x86
	EndGlobalSection
	GlobalSection(ProjectConfigurationPlatforms) = postSolution
		{27A3D43B-D893-4B09-BC14-24D126D3BAC4}.Debug|Any CPU.ActiveCfg = Debug|Any CPU
		{27A3D43B-D893-4B09-BC14-24D126D3BAC4}.Debug|Any CPU.Build.0 = Debug|Any CPU
		{27A3D43B-D893-4B09-BC14-24D126D3BAC4}.Debug|x64.ActiveCfg = Debug|Any CPU
		{27A3D43B-D893-4B09-BC14-24D126D3BAC4}.Debug|x64.Build.0 = Debug|Any CPU
		{27A3D43B-D893-4B09-BC14-24D126D3BAC4}.Debug|x86.ActiveCfg = Debug|Any CPU
		{27A3D43B-D893-4B09-BC14-24D126D3BAC4}.Debug|x86.Build.0 = Debug|Any CPU
		{27A3D43B-D893-4B09-BC14-24D126D3BAC4}.Release|Any CPU.ActiveCfg = Release|Any CPU
		{27A3D43B-D893-4B09-BC14-24D126D3BAC4}.Release|Any CPU.Build.0 = Release|Any CPU
		{27A3D43B-D893-4B09-BC14-24D126D3BAC4}.Release|x64.ActiveCfg = Release|Any CPU
		{27A3D43B-D893-4B09-BC14-24D126D3BAC4}.Release|x64.Build.0 = Release|Any CPU
		{27A3D43B-D893-4B09-BC14-24D126D3BAC4}.Release|x86.ActiveCfg = Release|Any CPU
		{27A3D43B-D893-4B09-BC14-24D126D3BAC4}.Release|x86.Build.0 = Release|Any CPU
		{4F91F610-495A-41F5-A787-DEF2A2472B43}.Debug|Any CPU.ActiveCfg = Debug|Any CPU
		{4F91F610-495A-41F5-A787-DEF2A2472B43}.Debug|Any CPU.Build.0 = Debug|Any CPU
		{4F91F610-495A-41F5-A787-DEF2A2472B43}.Debug|x64.ActiveCfg = Debug|Any CPU
		{4F91F610-495A-41F5-A787-DEF2A2472B43}.Debug|x64.Build.0 = Debug|Any CPU
		{4F91F610-495A-41F5-A787-DEF2A2472B43}.Debug|x86.ActiveCfg = Debug|Any CPU
		{4F91F610-495A-41F5-A787-DEF2A2472B43}.Debug|x86.Build.0 = Debug|Any CPU
		{4F91F610-495A-41F5-A787-DEF2A2472B43}.Release|Any CPU.ActiveCfg = Release|Any CPU
		{4F91F610-495A-41F5-A787-DEF2A2472B43}.Release|Any CPU.Build.0 = Release|Any CPU
		{4F91F610-495A-41F5-A787-DEF2A2472B43}.Release|x64.ActiveCfg = Release|Any CPU
		{4F91F610-495A-41F5-A787-DEF2A2472B43}.Release|x64.Build.0 = Release|Any CPU
		{4F91F610-495A-41F5-A787-DEF2A2472B43}.Release|x86.ActiveCfg = Release|Any CPU
		{4F91F610-495A-41F5-A787-DEF2A2472B43}.Release|x86.Build.0 = Release|Any CPU
		{E8797935-FBFF-44DC-A66F-E2505ADFC0E9}.Debug|Any CPU.ActiveCfg = Debug|Any CPU
		{E8797935-FBFF-44DC-A66F-E2505ADFC0E9}.Debug|Any CPU.Build.0 = Debug|Any CPU
		{E8797935-FBFF-44DC-A66F-E2505ADFC0E9}.Debug|x64.ActiveCfg = Debug|Any CPU
		{E8797935-FBFF-44DC-A66F-E2505ADFC0E9}.Debug|x64.Build.0 = Debug|Any CPU
		{E8797935-FBFF-44DC-A66F-E2505ADFC0E9}.Debug|x86.ActiveCfg = Debug|Any CPU
		{E8797935-FBFF-44DC-A66F-E2505ADFC0E9}.Debug|x86.Build.0 = Debug|Any CPU
		{E8797935-FBFF-44DC-A66F-E2505ADFC0E9}.Release|Any CPU.ActiveCfg = Release|Any CPU
		{E8797935-FBFF-44DC-A66F-E2505ADFC0E9}.Release|Any CPU.Build.0 = Release|Any CPU
		{E8797935-FBFF-44DC-A66F-E2505ADFC0E9}.Release|x64.ActiveCfg = Release|Any CPU
		{E8797935-FBFF-44DC-A66F-E2505ADFC0E9}.Release|x64.Build.0 = Release|Any CPU
		{E8797935-FBFF-44DC-A66F-E2505ADFC0E9}.Release|x86.ActiveCfg = Release|Any CPU
		{E8797935-FBFF-44DC-A66F-E2505ADFC0E9}.Release|x86.Build.0 = Release|Any CPU
		{D6EB8367-D118-426F-8F3A-EE2D365B7179}.Debug|Any CPU.ActiveCfg = Debug|Any CPU
		{D6EB8367-D118-426F-8F3A-EE2D365B7179}.Debug|Any CPU.Build.0 = Debug|Any CPU
		{D6EB8367-D118-426F-8F3A-EE2D365B7179}.Debug|x64.ActiveCfg = Debug|Any CPU
		{D6EB8367-D118-426F-8F3A-EE2D365B7179}.Debug|x64.Build.0 = Debug|Any CPU
		{D6EB8367-D118-426F-8F3A-EE2D365B7179}.Debug|x86.ActiveCfg = Debug|Any CPU
		{D6EB8367-D118-426F-8F3A-EE2D365B7179}.Debug|x86.Build.0 = Debug|Any CPU
		{D6EB8367-D118-426F-8F3A-EE2D365B7179}.Release|Any CPU.ActiveCfg = Release|Any CPU
		{D6EB8367-D118-426F-8F3A-EE2D365B7179}.Release|Any CPU.Build.0 = Release|Any CPU
		{D6EB8367-D118-426F-8F3A-EE2D365B7179}.Release|x64.ActiveCfg = Release|Any CPU
		{D6EB8367-D118-426F-8F3A-EE2D365B7179}.Release|x64.Build.0 = Release|Any CPU
		{D6EB8367-D118-426F-8F3A-EE2D365B7179}.Release|x86.ActiveCfg = Release|Any CPU
		{D6EB8367-D118-426F-8F3A-EE2D365B7179}.Release|x86.Build.0 = Release|Any CPU
		{0E3EAC6A-E34C-4894-88A2-D44C8C0844F3}.Debug|Any CPU.ActiveCfg = Debug|Any CPU
		{0E3EAC6A-E34C-4894-88A2-D44C8C0844F3}.Debug|Any CPU.Build.0 = Debug|Any CPU
		{0E3EAC6A-E34C-4894-88A2-D44C8C0844F3}.Debug|x64.ActiveCfg = Debug|Any CPU
		{0E3EAC6A-E34C-4894-88A2-D44C8C0844F3}.Debug|x64.Build.0 = Debug|Any CPU
		{0E3EAC6A-E34C-4894-88A2-D44C8C0844F3}.Debug|x86.ActiveCfg = Debug|Any CPU
		{0E3EAC6A-E34C-4894-88A2-D44C8C0844F3}.Debug|x86.Build.0 = Debug|Any CPU
		{0E3EAC6A-E34C-4894-88A2-D44C8C0844F3}.Release|Any CPU.ActiveCfg = Release|Any CPU
		{0E3EAC6A-E34C-4894-88A2-D44C8C0844F3}.Release|Any CPU.Build.0 = Release|Any CPU
		{0E3EAC6A-E34C-4894-88A2-D44C8C0844F3}.Release|x64.ActiveCfg = Release|Any CPU
		{0E3EAC6A-E34C-4894-88A2-D44C8C0844F3}.Release|x64.Build.0 = Release|Any CPU
		{0E3EAC6A-E34C-4894-88A2-D44C8C0844F3}.Release|x86.ActiveCfg = Release|Any CPU
		{0E3EAC6A-E34C-4894-88A2-D44C8C0844F3}.Release|x86.Build.0 = Release|Any CPU
	EndGlobalSection
	GlobalSection(SolutionProperties) = preSolution
		HideSolutionNode = FALSE
	EndGlobalSection
EndGlobal
