
Microsoft Visual Studio Solution File, Format Version 12.00
# Visual Studio Version 17
VisualStudioVersion = 17.0.31903.59
MinimumVisualStudioVersion = 10.0.40219.1
Project("{FAE04EC0-301F-11D3-BF4B-00C04F79EFBC}") = "CybsClient", "CybsClient\CybsClient.csproj", "{D56C387C-F989-44AB-8B33-C36C1BB82B5B}"
EndProject
Project("{FAE04EC0-301F-11D3-BF4B-00C04F79EFBC}") = "CybsClass.WebApi.Service", "CybsClass.WebApi.Service\CybsClass.WebApi.Service.csproj", "{DBF32FE2-C65A-4C06-9D25-921F873D176B}"
EndProject
Project("{FAE04EC0-301F-11D3-BF4B-00C04F79EFBC}") = "CybsClass.Cybersource", "CybsClass.Cybersource\CybsClass.Cybersource.csproj", "{F5F71165-6D0A-4331-9E7D-9655D0D31D76}"
EndProject
Project("{FAE04EC0-301F-11D3-BF4B-00C04F79EFBC}") = "CybsClass.DataContext.Sqlite", "CybsClass.DataContext.Sqlite\CybsClass.DataContext.Sqlite.csproj", "{6CF8DFAB-4637-41CE-BB69-4AC3F0F2A011}"
EndProject
Project("{FAE04EC0-301F-11D3-BF4B-00C04F79EFBC}") = "CybsClass.EntityModels.Sqlite", "CybsClass.EntityModels.Sqlite\CybsClass.EntityModels.Sqlite.csproj", "{CC9FB61D-D49A-4680-8A91-942EAE206A3A}"
EndProject
Global
	GlobalSection(SolutionConfigurationPlatforms) = preSolution
		Debug|Any CPU = Debug|Any CPU
		Debug|x64 = Debug|x64
		Debug|x86 = Debug|x86
		Release|Any CPU = Release|Any CPU
		Release|x64 = Release|x64
		Release|x86 = Release|x86
	EndGlobalSection
	GlobalSection(ProjectConfigurationPlatforms) = postSolution
		{D56C387C-F989-44AB-8B33-C36C1BB82B5B}.Debug|Any CPU.ActiveCfg = Debug|Any CPU
		{D56C387C-F989-44AB-8B33-C36C1BB82B5B}.Debug|Any CPU.Build.0 = Debug|Any CPU
		{D56C387C-F989-44AB-8B33-C36C1BB82B5B}.Debug|x64.ActiveCfg = Debug|Any CPU
		{D56C387C-F989-44AB-8B33-C36C1BB82B5B}.Debug|x64.Build.0 = Debug|Any CPU
		{D56C387C-F989-44AB-8B33-C36C1BB82B5B}.Debug|x86.ActiveCfg = Debug|Any CPU
		{D56C387C-F989-44AB-8B33-C36C1BB82B5B}.Debug|x86.Build.0 = Debug|Any CPU
		{D56C387C-F989-44AB-8B33-C36C1BB82B5B}.Release|Any CPU.ActiveCfg = Release|Any CPU
		{D56C387C-F989-44AB-8B33-C36C1BB82B5B}.Release|Any CPU.Build.0 = Release|Any CPU
		{D56C387C-F989-44AB-8B33-C36C1BB82B5B}.Release|x64.ActiveCfg = Release|Any CPU
		{D56C387C-F989-44AB-8B33-C36C1BB82B5B}.Release|x64.Build.0 = Release|Any CPU
		{D56C387C-F989-44AB-8B33-C36C1BB82B5B}.Release|x86.ActiveCfg = Release|Any CPU
		{D56C387C-F989-44AB-8B33-C36C1BB82B5B}.Release|x86.Build.0 = Release|Any CPU
		{DBF32FE2-C65A-4C06-9D25-921F873D176B}.Debug|Any CPU.ActiveCfg = Debug|Any CPU
		{DBF32FE2-C65A-4C06-9D25-921F873D176B}.Debug|Any CPU.Build.0 = Debug|Any CPU
		{DBF32FE2-C65A-4C06-9D25-921F873D176B}.Debug|x64.ActiveCfg = Debug|Any CPU
		{DBF32FE2-C65A-4C06-9D25-921F873D176B}.Debug|x64.Build.0 = Debug|Any CPU
		{DBF32FE2-C65A-4C06-9D25-921F873D176B}.Debug|x86.ActiveCfg = Debug|Any CPU
		{DBF32FE2-C65A-4C06-9D25-921F873D176B}.Debug|x86.Build.0 = Debug|Any CPU
		{DBF32FE2-C65A-4C06-9D25-921F873D176B}.Release|Any CPU.ActiveCfg = Release|Any CPU
		{DBF32FE2-C65A-4C06-9D25-921F873D176B}.Release|Any CPU.Build.0 = Release|Any CPU
		{DBF32FE2-C65A-4C06-9D25-921F873D176B}.Release|x64.ActiveCfg = Release|Any CPU
		{DBF32FE2-C65A-4C06-9D25-921F873D176B}.Release|x64.Build.0 = Release|Any CPU
		{DBF32FE2-C65A-4C06-9D25-921F873D176B}.Release|x86.ActiveCfg = Release|Any CPU
		{DBF32FE2-C65A-4C06-9D25-921F873D176B}.Release|x86.Build.0 = Release|Any CPU
		{F5F71165-6D0A-4331-9E7D-9655D0D31D76}.Debug|Any CPU.ActiveCfg = Debug|Any CPU
		{F5F71165-6D0A-4331-9E7D-9655D0D31D76}.Debug|Any CPU.Build.0 = Debug|Any CPU
		{F5F71165-6D0A-4331-9E7D-9655D0D31D76}.Debug|x64.ActiveCfg = Debug|Any CPU
		{F5F71165-6D0A-4331-9E7D-9655D0D31D76}.Debug|x64.Build.0 = Debug|Any CPU
		{F5F71165-6D0A-4331-9E7D-9655D0D31D76}.Debug|x86.ActiveCfg = Debug|Any CPU
		{F5F71165-6D0A-4331-9E7D-9655D0D31D76}.Debug|x86.Build.0 = Debug|Any CPU
		{F5F71165-6D0A-4331-9E7D-9655D0D31D76}.Release|Any CPU.ActiveCfg = Release|Any CPU
		{F5F71165-6D0A-4331-9E7D-9655D0D31D76}.Release|Any CPU.Build.0 = Release|Any CPU
		{F5F71165-6D0A-4331-9E7D-9655D0D31D76}.Release|x64.ActiveCfg = Release|Any CPU
		{F5F71165-6D0A-4331-9E7D-9655D0D31D76}.Release|x64.Build.0 = Release|Any CPU
		{F5F71165-6D0A-4331-9E7D-9655D0D31D76}.Release|x86.ActiveCfg = Release|Any CPU
		{F5F71165-6D0A-4331-9E7D-9655D0D31D76}.Release|x86.Build.0 = Release|Any CPU
		{6CF8DFAB-4637-41CE-BB69-4AC3F0F2A011}.Debug|Any CPU.ActiveCfg = Debug|Any CPU
		{6CF8DFAB-4637-41CE-BB69-4AC3F0F2A011}.Debug|Any CPU.Build.0 = Debug|Any CPU
		{6CF8DFAB-4637-41CE-BB69-4AC3F0F2A011}.Debug|x64.ActiveCfg = Debug|Any CPU
		{6CF8DFAB-4637-41CE-BB69-4AC3F0F2A011}.Debug|x64.Build.0 = Debug|Any CPU
		{6CF8DFAB-4637-41CE-BB69-4AC3F0F2A011}.Debug|x86.ActiveCfg = Debug|Any CPU
		{6CF8DFAB-4637-41CE-BB69-4AC3F0F2A011}.Debug|x86.Build.0 = Debug|Any CPU
		{6CF8DFAB-4637-41CE-BB69-4AC3F0F2A011}.Release|Any CPU.ActiveCfg = Release|Any CPU
		{6CF8DFAB-4637-41CE-BB69-4AC3F0F2A011}.Release|Any CPU.Build.0 = Release|Any CPU
		{6CF8DFAB-4637-41CE-BB69-4AC3F0F2A011}.Release|x64.ActiveCfg = Release|Any CPU
		{6CF8DFAB-4637-41CE-BB69-4AC3F0F2A011}.Release|x64.Build.0 = Release|Any CPU
		{6CF8DFAB-4637-41CE-BB69-4AC3F0F2A011}.Release|x86.ActiveCfg = Release|Any CPU
		{6CF8DFAB-4637-41CE-BB69-4AC3F0F2A011}.Release|x86.Build.0 = Release|Any CPU
		{CC9FB61D-D49A-4680-8A91-942EAE206A3A}.Debug|Any CPU.ActiveCfg = Debug|Any CPU
		{CC9FB61D-D49A-4680-8A91-942EAE206A3A}.Debug|Any CPU.Build.0 = Debug|Any CPU
		{CC9FB61D-D49A-4680-8A91-942EAE206A3A}.Debug|x64.ActiveCfg = Debug|Any CPU
		{CC9FB61D-D49A-4680-8A91-942EAE206A3A}.Debug|x64.Build.0 = Debug|Any CPU
		{CC9FB61D-D49A-4680-8A91-942EAE206A3A}.Debug|x86.ActiveCfg = Debug|Any CPU
		{CC9FB61D-D49A-4680-8A91-942EAE206A3A}.Debug|x86.Build.0 = Debug|Any CPU
		{CC9FB61D-D49A-4680-8A91-942EAE206A3A}.Release|Any CPU.ActiveCfg = Release|Any CPU
		{CC9FB61D-D49A-4680-8A91-942EAE206A3A}.Release|Any CPU.Build.0 = Release|Any CPU
		{CC9FB61D-D49A-4680-8A91-942EAE206A3A}.Release|x64.ActiveCfg = Release|Any CPU
		{CC9FB61D-D49A-4680-8A91-942EAE206A3A}.Release|x64.Build.0 = Release|Any CPU
		{CC9FB61D-D49A-4680-8A91-942EAE206A3A}.Release|x86.ActiveCfg = Release|Any CPU
		{CC9FB61D-D49A-4680-8A91-942EAE206A3A}.Release|x86.Build.0 = Release|Any CPU
	EndGlobalSection
	GlobalSection(SolutionProperties) = preSolution
		HideSolutionNode = FALSE
	EndGlobalSection
EndGlobal
